
Microsoft Visual Studio Solution File, Format Version 12.00
# Visual Studio Version 16
VisualStudioVersion = 16.0.30104.148
MinimumVisualStudioVersion = 10.0.40219.1
Project("{FAE04EC0-301F-11D3-BF4B-00C04F79EFBC}") = "SuperHerois", "SuperHerois\SuperHerois.csproj", "{A41C73A3-F8CF-4D88-806D-7F000A600FB8}"
EndProject
Global
	GlobalSection(SolutionConfigurationPlatforms) = preSolution
		Debug|Any CPU = Debug|Any CPU
		Release|Any CPU = Release|Any CPU
	EndGlobalSection
	GlobalSection(ProjectConfigurationPlatforms) = postSolution
		{A41C73A3-F8CF-4D88-806D-7F000A600FB8}.Debug|Any CPU.ActiveCfg = Debug|Any CPU
		{A41C73A3-F8CF-4D88-806D-7F000A600FB8}.Debug|Any CPU.Build.0 = Debug|Any CPU
		{A41C73A3-F8CF-4D88-806D-7F000A600FB8}.Release|Any CPU.ActiveCfg = Release|Any CPU
		{A41C73A3-F8CF-4D88-806D-7F000A600FB8}.Release|Any CPU.Build.0 = Release|Any CPU
	EndGlobalSection
	GlobalSection(SolutionProperties) = preSolution
		HideSolutionNode = FALSE
	EndGlobalSection
	GlobalSection(ExtensibilityGlobals) = postSolution
		SolutionGuid = {06B7B6C8-423C-41BC-99E2-180E8852E3A6}
	EndGlobalSection
EndGlobal
